{
  "name": "mei-cards",
  "version": "0.0.1",
  "lockfileVersion": 3,
  "requires": true,
  "packages": {
    "": {
      "name": "mei-cards",
      "version": "0.0.1",
      "license": "GPL-3.0",
      "dependencies": {
        "@napi-rs/canvas": "^0.1.41"
      }
    },
    "node_modules/@napi-rs/canvas": {
      "version": "0.1.41",
      "resolved": "https://registry.npmjs.org/@napi-rs/canvas/-/canvas-0.1.41.tgz",
      "integrity": "sha512-JjdMfKyXox09KgC3fNB4+x0M/rwufIWrfcBDU0BuF6jKVhlSSSNy7D2WEX4zs5NgWHeiArHCXLtJ0dW6KyK7GQ==",
      "engines": {
        "node": ">= 10"
      },
      "optionalDependencies": {
        "@napi-rs/canvas-android-arm64": "0.1.41",
        "@napi-rs/canvas-darwin-arm64": "0.1.41",
        "@napi-rs/canvas-darwin-x64": "0.1.41",
        "@napi-rs/canvas-linux-arm-gnueabihf": "0.1.41",
        "@napi-rs/canvas-linux-arm64-gnu": "0.1.41",
        "@napi-rs/canvas-linux-arm64-musl": "0.1.41",
        "@napi-rs/canvas-linux-x64-gnu": "0.1.41",
        "@napi-rs/canvas-linux-x64-musl": "0.1.41",
        "@napi-rs/canvas-win32-x64-msvc": "0.1.41"
      }
    },
    "node_modules/@napi-rs/canvas-android-arm64": {
      "version": "0.1.41",
      "resolved": "https://registry.npmjs.org/@napi-rs/canvas-android-arm64/-/canvas-android-arm64-0.1.41.tgz",
      "integrity": "sha512-hPYeFbgusSK9g6TxYXH4bKFGkH9Win7hP83HNw1ZiOS1xY16jw6xEEPzkIbKLIJDlDOIXuZ+s2mey4JE0n0GZA==",
      "cpu": [
        "arm64"
      ],
      "optional": true,
      "os": [
        "android"
      ],
      "engines": {
        "node": ">= 10"
      }
    },
    "node_modules/@napi-rs/canvas-darwin-arm64": {
      "version": "0.1.41",
      "resolved": "https://registry.npmjs.org/@napi-rs/canvas-darwin-arm64/-/canvas-darwin-arm64-0.1.41.tgz",
      "integrity": "sha512-tBkzCYOQWfKmMyHVyPGhBKyowH8mcdfy79Hcv+jQb+XIrxx+JmINmlEl7jfNhYLjejM9mar+ZRe+FXqQTlq45g==",
      "cpu": [
        "arm64"
      ],
      "optional": true,
      "os": [
        "darwin"
      ],
      "engines": {
        "node": ">= 10"
      }
    },
    "node_modules/@napi-rs/canvas-darwin-x64": {
      "version": "0.1.41",
      "resolved": "https://registry.npmjs.org/@napi-rs/canvas-darwin-x64/-/canvas-darwin-x64-0.1.41.tgz",
      "integrity": "sha512-n1/F47ymTtgEAMKYGKBquF4a2MKxOT7LRa3u5Beto2nxgB4OvTfp1wLo7QjihLBPUVEZSpnCy8JZhpKC2S9fUw==",
      "cpu": [
        "x64"
      ],
      "optional": true,
      "os": [
        "darwin"
      ],
      "engines": {
        "node": ">= 10"
      }
    },
    "node_modules/@napi-rs/canvas-linux-arm-gnueabihf": {
      "version": "0.1.41",
      "resolved": "https://registry.npmjs.org/@napi-rs/canvas-linux-arm-gnueabihf/-/canvas-linux-arm-gnueabihf-0.1.41.tgz",
      "integrity": "sha512-XjhWsuCX/MMTuLLvXhKAaZzTRdgqaL4laaEw5NoCIihg4pLyFcok+bD2LQoMcOJC/ATbRfm8cprqgVzncfszLA==",
      "cpu": [
        "arm"
      ],
      "optional": true,
      "os": [
        "linux"
      ],
      "engines": {
        "node": ">= 10"
      }
    },
    "node_modules/@napi-rs/canvas-linux-arm64-gnu": {
      "version": "0.1.41",
      "resolved": "https://registry.npmjs.org/@napi-rs/canvas-linux-arm64-gnu/-/canvas-linux-arm64-gnu-0.1.41.tgz",
      "integrity": "sha512-kY5caBtSrUox8G5DKnNLfA3nLeZjaLMNV6WjVje57fz8QGOLCVF6dyRH15G8rfJ9W3Ka50XCUN4XmEHSPo7FBQ==",
      "cpu": [
        "arm64"
      ],
      "hasInstallScript": true,
      "optional": true,
      "os": [
        "linux"
      ],
      "engines": {
        "node": ">= 10"
      }
    },
    "node_modules/@napi-rs/canvas-linux-arm64-musl": {
      "version": "0.1.41",
      "resolved": "https://registry.npmjs.org/@napi-rs/canvas-linux-arm64-musl/-/canvas-linux-arm64-musl-0.1.41.tgz",
      "integrity": "sha512-DIfPcnHbSzuRl3CieMA1Bd5Wou3WDyFOdjS1kCM1x5B1RkirAZ+LfxcuWvGX2CEg4tL8Yd/vktKuFR/X9RFcSg==",
      "cpu": [
        "arm64"
      ],
      "hasInstallScript": true,
      "optional": true,
      "os": [
        "linux"
      ],
      "engines": {
        "node": ">= 10"
      }
    },
    "node_modules/@napi-rs/canvas-linux-x64-gnu": {
      "version": "0.1.41",
      "resolved": "https://registry.npmjs.org/@napi-rs/canvas-linux-x64-gnu/-/canvas-linux-x64-gnu-0.1.41.tgz",
      "integrity": "sha512-tKyzC0ZgqwuB9k0GvnOTCh05x+CQQ1zBbvv9ISjCm4+Pr5m0o3wQwi2M3kNk3NmhaJyWFc5OUOEFp5Ux2Gdvyg==",
      "cpu": [
        "x64"
      ],
      "hasInstallScript": true,
      "optional": true,
      "os": [
        "linux"
      ],
      "engines": {
        "node": ">= 10"
      }
    },
    "node_modules/@napi-rs/canvas-linux-x64-musl": {
      "version": "0.1.41",
      "resolved": "https://registry.npmjs.org/@napi-rs/canvas-linux-x64-musl/-/canvas-linux-x64-musl-0.1.41.tgz",
      "integrity": "sha512-MRnLn5ftkC3E4XK2lol+ya3SE9PpfTxMjDpgbF4/d2i+AkT5vNF7yJJGfblzBOtgwO4g7plmAHQJ2Dv18BXtgw==",
      "cpu": [
        "x64"
      ],
      "hasInstallScript": true,
      "optional": true,
      "os": [
        "linux"
      ],
      "engines": {
        "node": ">= 10"
      }
    },
    "node_modules/@napi-rs/canvas-win32-x64-msvc": {
      "version": "0.1.41",
      "resolved": "https://registry.npmjs.org/@napi-rs/canvas-win32-x64-msvc/-/canvas-win32-x64-msvc-0.1.41.tgz",
      "integrity": "sha512-e2L/VLJR/glc0vUACVBSL+VpbrfIRRuJU183t5jrOnaLFvVZHH/0iCF9ph9CUN/kKSg2cU84oGrnfJIsuPglSQ==",
      "cpu": [
        "x64"
      ],
      "optional": true,
      "os": [
        "win32"
      ],
      "engines": {
        "node": ">= 10"
      }
    }
  }
}
